// !$*UTF8*$!
{
	archiveVersion = 1;
	classes = {
	};
	objectVersion = 50;
	objects = {

/* Begin PBXBuildFile section */
		F27C1E182B29F8D9009BC2F3 /* _80_sub2App.swift in Sources */ = {isa = PBXBuildFile; fileRef = F27C1E172B29F8D9009BC2F3 /* _80_sub2App.swift */; };
		F27C1E1A2B29F8D9009BC2F3 /* ContentView.swift in Sources */ = {isa = PBXBuildFile; fileRef = F27C1E192B29F8D9009BC2F3 /* ContentView.swift */; };
		F27C1E1C2B29F8E6009BC2F3 /* Assets.xcassets in Resources */ = {isa = PBXBuildFile; fileRef = F27C1E1B2B29F8E6009BC2F3 /* Assets.xcassets */; };
		F27C1E1F2B29F8E6009BC2F3 /* Preview Assets.xcassets in Resources */ = {isa = PBXBuildFile; fileRef = F27C1E1E2B29F8E6009BC2F3 /* Preview Assets.xcassets */; };
		F27C1E2A2B29F8E6009BC2F3 /* _80_sub2Tests.swift in Sources */ = {isa = PBXBuildFile; fileRef = F27C1E292B29F8E6009BC2F3 /* _80_sub2Tests.swift */; };
		F27C1E352B29F8E6009BC2F3 /* _80_sub2UITests.swift in Sources */ = {isa = PBXBuildFile; fileRef = F27C1E342B29F8E6009BC2F3 /* _80_sub2UITests.swift */; };
		F27C1E462B29F948009BC2F3 /* Pokemon.swift in Sources */ = {isa = PBXBuildFile; fileRef = F27C1E452B29F948009BC2F3 /* Pokemon.swift */; };
		F27C1E4B2B29FA2B009BC2F3 /* Moveset.swift in Sources */ = {isa = PBXBuildFile; fileRef = F27C1E4A2B29FA2B009BC2F3 /* Moveset.swift */; };
		F27C1E502B29FBC2009BC2F3 /* ChosePkmn.swift in Sources */ = {isa = PBXBuildFile; fileRef = F27C1E4F2B29FBC2009BC2F3 /* ChosePkmn.swift */; };
		F27C1E552B29FBD0009BC2F3 /* BattleView.swift in Sources */ = {isa = PBXBuildFile; fileRef = F27C1E542B29FBD0009BC2F3 /* BattleView.swift */; };
		F27C1E5A2B29FC1E009BC2F3 /* Results.swift in Sources */ = {isa = PBXBuildFile; fileRef = F27C1E592B29FC1E009BC2F3 /* Results.swift */; };
		F27C1E5F2B2A4877009BC2F3 /* HealthBar.swift in Sources */ = {isa = PBXBuildFile; fileRef = F27C1E5E2B2A4876009BC2F3 /* HealthBar.swift */; };
/* End PBXBuildFile section */

/* Begin PBXContainerItemProxy section */
		F27C1E262B29F8E6009BC2F3 /* PBXContainerItemProxy */ = {
			isa = PBXContainerItemProxy;
			containerPortal = F27C1E0C2B29F8D9009BC2F3 /* Project object */;
			proxyType = 1;
			remoteGlobalIDString = F27C1E132B29F8D9009BC2F3;
			remoteInfo = 680_sub2;
		};
		F27C1E312B29F8E6009BC2F3 /* PBXContainerItemProxy */ = {
			isa = PBXContainerItemProxy;
			containerPortal = F27C1E0C2B29F8D9009BC2F3 /* Project object */;
			proxyType = 1;
			remoteGlobalIDString = F27C1E132B29F8D9009BC2F3;
			remoteInfo = 680_sub2;
		};
/* End PBXContainerItemProxy section */

/* Begin PBXFileReference section */
		F27C1E142B29F8D9009BC2F3 /* 680_sub2.app */ = {isa = PBXFileReference; explicitFileType = wrapper.application; includeInIndex = 0; path = 680_sub2.app; sourceTree = BUILT_PRODUCTS_DIR; };
		F27C1E172B29F8D9009BC2F3 /* _80_sub2App.swift */ = {isa = PBXFileReference; lastKnownFileType = sourcecode.swift; path = _80_sub2App.swift; sourceTree = "<group>"; };
		F27C1E192B29F8D9009BC2F3 /* ContentView.swift */ = {isa = PBXFileReference; lastKnownFileType = sourcecode.swift; path = ContentView.swift; sourceTree = "<group>"; };
		F27C1E1B2B29F8E6009BC2F3 /* Assets.xcassets */ = {isa = PBXFileReference; lastKnownFileType = folder.assetcatalog; path = Assets.xcassets; sourceTree = "<group>"; };
		F27C1E1E2B29F8E6009BC2F3 /* Preview Assets.xcassets */ = {isa = PBXFileReference; lastKnownFileType = folder.assetcatalog; path = "Preview Assets.xcassets"; sourceTree = "<group>"; };
		F27C1E202B29F8E6009BC2F3 /* Info.plist */ = {isa = PBXFileReference; lastKnownFileType = text.plist.xml; path = Info.plist; sourceTree = "<group>"; };
		F27C1E252B29F8E6009BC2F3 /* 680_sub2Tests.xctest */ = {isa = PBXFileReference; explicitFileType = wrapper.cfbundle; includeInIndex = 0; path = 680_sub2Tests.xctest; sourceTree = BUILT_PRODUCTS_DIR; };
		F27C1E292B29F8E6009BC2F3 /* _80_sub2Tests.swift */ = {isa = PBXFileReference; lastKnownFileType = sourcecode.swift; path = _80_sub2Tests.swift; sourceTree = "<group>"; };
		F27C1E2B2B29F8E6009BC2F3 /* Info.plist */ = {isa = PBXFileReference; lastKnownFileType = text.plist.xml; path = Info.plist; sourceTree = "<group>"; };
		F27C1E302B29F8E6009BC2F3 /* 680_sub2UITests.xctest */ = {isa = PBXFileReference; explicitFileType = wrapper.cfbundle; includeInIndex = 0; path = 680_sub2UITests.xctest; sourceTree = BUILT_PRODUCTS_DIR; };
		F27C1E342B29F8E6009BC2F3 /* _80_sub2UITests.swift */ = {isa = PBXFileReference; lastKnownFileType = sourcecode.swift; path = _80_sub2UITests.swift; sourceTree = "<group>"; };
		F27C1E362B29F8E6009BC2F3 /* Info.plist */ = {isa = PBXFileReference; lastKnownFileType = text.plist.xml; path = Info.plist; sourceTree = "<group>"; };
		F27C1E452B29F948009BC2F3 /* Pokemon.swift */ = {isa = PBXFileReference; lastKnownFileType = sourcecode.swift; path = Pokemon.swift; sourceTree = "<group>"; };
		F27C1E4A2B29FA2B009BC2F3 /* Moveset.swift */ = {isa = PBXFileReference; lastKnownFileType = sourcecode.swift; path = Moveset.swift; sourceTree = "<group>"; };
		F27C1E4F2B29FBC2009BC2F3 /* ChosePkmn.swift */ = {isa = PBXFileReference; lastKnownFileType = sourcecode.swift; path = ChosePkmn.swift; sourceTree = "<group>"; };
		F27C1E542B29FBD0009BC2F3 /* BattleView.swift */ = {isa = PBXFileReference; lastKnownFileType = sourcecode.swift; path = BattleView.swift; sourceTree = "<group>"; };
		F27C1E592B29FC1E009BC2F3 /* Results.swift */ = {isa = PBXFileReference; lastKnownFileType = sourcecode.swift; path = Results.swift; sourceTree = "<group>"; };
		F27C1E5E2B2A4876009BC2F3 /* HealthBar.swift */ = {isa = PBXFileReference; lastKnownFileType = sourcecode.swift; path = HealthBar.swift; sourceTree = "<group>"; };
/* End PBXFileReference section */

/* Begin PBXFrameworksBuildPhase section */
		F27C1E112B29F8D9009BC2F3 /* Frameworks */ = {
			isa = PBXFrameworksBuildPhase;
			buildActionMask = 2147483647;
			files = (
			);
			runOnlyForDeploymentPostprocessing = 0;
		};
		F27C1E222B29F8E6009BC2F3 /* Frameworks */ = {
			isa = PBXFrameworksBuildPhase;
			buildActionMask = 2147483647;
			files = (
			);
			runOnlyForDeploymentPostprocessing = 0;
		};
		F27C1E2D2B29F8E6009BC2F3 /* Frameworks */ = {
			isa = PBXFrameworksBuildPhase;
			buildActionMask = 2147483647;
			files = (
			);
			runOnlyForDeploymentPostprocessing = 0;
		};
/* End PBXFrameworksBuildPhase section */

/* Begin PBXGroup section */
		F27C1E0B2B29F8D9009BC2F3 = {
			isa = PBXGroup;
			children = (
				F27C1E162B29F8D9009BC2F3 /* 680_sub2 */,
				F27C1E282B29F8E6009BC2F3 /* 680_sub2Tests */,
				F27C1E332B29F8E6009BC2F3 /* 680_sub2UITests */,
				F27C1E152B29F8D9009BC2F3 /* Products */,
			);
			sourceTree = "<group>";
		};
		F27C1E152B29F8D9009BC2F3 /* Products */ = {
			isa = PBXGroup;
			children = (
				F27C1E142B29F8D9009BC2F3 /* 680_sub2.app */,
				F27C1E252B29F8E6009BC2F3 /* 680_sub2Tests.xctest */,
				F27C1E302B29F8E6009BC2F3 /* 680_sub2UITests.xctest */,
			);
			name = Products;
			sourceTree = "<group>";
		};
		F27C1E162B29F8D9009BC2F3 /* 680_sub2 */ = {
			isa = PBXGroup;
			children = (
				F27C1E172B29F8D9009BC2F3 /* _80_sub2App.swift */,
				F27C1E192B29F8D9009BC2F3 /* ContentView.swift */,
				F27C1E452B29F948009BC2F3 /* Pokemon.swift */,
				F27C1E4A2B29FA2B009BC2F3 /* Moveset.swift */,
				F27C1E4F2B29FBC2009BC2F3 /* ChosePkmn.swift */,
				F27C1E542B29FBD0009BC2F3 /* BattleView.swift */,
				F27C1E5E2B2A4876009BC2F3 /* HealthBar.swift */,
				F27C1E592B29FC1E009BC2F3 /* Results.swift */,
				F27C1E1B2B29F8E6009BC2F3 /* Assets.xcassets */,
				F27C1E202B29F8E6009BC2F3 /* Info.plist */,
				F27C1E1D2B29F8E6009BC2F3 /* Preview Content */,
			);
			path = 680_sub2;
			sourceTree = "<group>";
		};
		F27C1E1D2B29F8E6009BC2F3 /* Preview Content */ = {
			isa = PBXGroup;
			children = (
				F27C1E1E2B29F8E6009BC2F3 /* Preview Assets.xcassets */,
			);
			path = "Preview Content";
			sourceTree = "<group>";
		};
		F27C1E282B29F8E6009BC2F3 /* 680_sub2Tests */ = {
			isa = PBXGroup;
			children = (
				F27C1E292B29F8E6009BC2F3 /* _80_sub2Tests.swift */,
				F27C1E2B2B29F8E6009BC2F3 /* Info.plist */,
			);
			path = 680_sub2Tests;
			sourceTree = "<group>";
		};
		F27C1E332B29F8E6009BC2F3 /* 680_sub2UITests */ = {
			isa = PBXGroup;
			children = (
				F27C1E342B29F8E6009BC2F3 /* _80_sub2UITests.swift */,
				F27C1E362B29F8E6009BC2F3 /* Info.plist */,
			);
			path = 680_sub2UITests;
			sourceTree = "<group>";
		};
/* End PBXGroup section */

/* Begin PBXNativeTarget section */
		F27C1E132B29F8D9009BC2F3 /* 680_sub2 */ = {
			isa = PBXNativeTarget;
			buildConfigurationList = F27C1E392B29F8E6009BC2F3 /* Build configuration list for PBXNativeTarget "680_sub2" */;
			buildPhases = (
				F27C1E102B29F8D9009BC2F3 /* Sources */,
				F27C1E112B29F8D9009BC2F3 /* Frameworks */,
				F27C1E122B29F8D9009BC2F3 /* Resources */,
			);
			buildRules = (
			);
			dependencies = (
			);
			name = 680_sub2;
			productName = 680_sub2;
			productReference = F27C1E142B29F8D9009BC2F3 /* 680_sub2.app */;
			productType = "com.apple.product-type.application";
		};
		F27C1E242B29F8E6009BC2F3 /* 680_sub2Tests */ = {
			isa = PBXNativeTarget;
			buildConfigurationList = F27C1E3C2B29F8E6009BC2F3 /* Build configuration list for PBXNativeTarget "680_sub2Tests" */;
			buildPhases = (
				F27C1E212B29F8E6009BC2F3 /* Sources */,
				F27C1E222B29F8E6009BC2F3 /* Frameworks */,
				F27C1E232B29F8E6009BC2F3 /* Resources */,
			);
			buildRules = (
			);
			dependencies = (
				F27C1E272B29F8E6009BC2F3 /* PBXTargetDependency */,
			);
			name = 680_sub2Tests;
			productName = 680_sub2Tests;
			productReference = F27C1E252B29F8E6009BC2F3 /* 680_sub2Tests.xctest */;
			productType = "com.apple.product-type.bundle.unit-test";
		};
		F27C1E2F2B29F8E6009BC2F3 /* 680_sub2UITests */ = {
			isa = PBXNativeTarget;
			buildConfigurationList = F27C1E3F2B29F8E6009BC2F3 /* Build configuration list for PBXNativeTarget "680_sub2UITests" */;
			buildPhases = (
				F27C1E2C2B29F8E6009BC2F3 /* Sources */,
				F27C1E2D2B29F8E6009BC2F3 /* Frameworks */,
				F27C1E2E2B29F8E6009BC2F3 /* Resources */,
			);
			buildRules = (
			);
			dependencies = (
				F27C1E322B29F8E6009BC2F3 /* PBXTargetDependency */,
			);
			name = 680_sub2UITests;
			productName = 680_sub2UITests;
			productReference = F27C1E302B29F8E6009BC2F3 /* 680_sub2UITests.xctest */;
			productType = "com.apple.product-type.bundle.ui-testing";
		};
/* End PBXNativeTarget section */

/* Begin PBXProject section */
		F27C1E0C2B29F8D9009BC2F3 /* Project object */ = {
			isa = PBXProject;
			attributes = {
				LastSwiftUpdateCheck = 1240;
				LastUpgradeCheck = 1240;
				TargetAttributes = {
					F27C1E132B29F8D9009BC2F3 = {
						CreatedOnToolsVersion = 12.4;
					};
					F27C1E242B29F8E6009BC2F3 = {
						CreatedOnToolsVersion = 12.4;
						TestTargetID = F27C1E132B29F8D9009BC2F3;
					};
					F27C1E2F2B29F8E6009BC2F3 = {
						CreatedOnToolsVersion = 12.4;
						TestTargetID = F27C1E132B29F8D9009BC2F3;
					};
				};
			};
			buildConfigurationList = F27C1E0F2B29F8D9009BC2F3 /* Build configuration list for PBXProject "680_sub2" */;
			compatibilityVersion = "Xcode 9.3";
			developmentRegion = en;
			hasScannedForEncodings = 0;
			knownRegions = (
				en,
				Base,
			);
			mainGroup = F27C1E0B2B29F8D9009BC2F3;
			productRefGroup = F27C1E152B29F8D9009BC2F3 /* Products */;
			projectDirPath = "";
			projectRoot = "";
			targets = (
				F27C1E132B29F8D9009BC2F3 /* 680_sub2 */,
				F27C1E242B29F8E6009BC2F3 /* 680_sub2Tests */,
				F27C1E2F2B29F8E6009BC2F3 /* 680_sub2UITests */,
			);
		};
/* End PBXProject section */

/* Begin PBXResourcesBuildPhase section */
		F27C1E122B29F8D9009BC2F3 /* Resources */ = {
			isa = PBXResourcesBuildPhase;
			buildActionMask = 2147483647;
			files = (
				F27C1E1F2B29F8E6009BC2F3 /* Preview Assets.xcassets in Resources */,
				F27C1E1C2B29F8E6009BC2F3 /* Assets.xcassets in Resources */,
			);
			runOnlyForDeploymentPostprocessing = 0;
		};
		F27C1E232B29F8E6009BC2F3 /* Resources */ = {
			isa = PBXResourcesBuildPhase;
			buildActionMask = 2147483647;
			files = (
			);
			runOnlyForDeploymentPostprocessing = 0;
		};
		F27C1E2E2B29F8E6009BC2F3 /* Resources */ = {
			isa = PBXResourcesBuildPhase;
			buildActionMask = 2147483647;
			files = (
			);
			runOnlyForDeploymentPostprocessing = 0;
		};
/* End PBXResourcesBuildPhase section */

/* Begin PBXSourcesBuildPhase section */
		F27C1E102B29F8D9009BC2F3 /* Sources */ = {
			isa = PBXSourcesBuildPhase;
			buildActionMask = 2147483647;
			files = (
				F27C1E1A2B29F8D9009BC2F3 /* ContentView.swift in Sources */,
				F27C1E502B29FBC2009BC2F3 /* ChosePkmn.swift in Sources */,
				F27C1E182B29F8D9009BC2F3 /* _80_sub2App.swift in Sources */,
				F27C1E5A2B29FC1E009BC2F3 /* Results.swift in Sources */,
				F27C1E462B29F948009BC2F3 /* Pokemon.swift in Sources */,
				F27C1E5F2B2A4877009BC2F3 /* HealthBar.swift in Sources */,
				F27C1E552B29FBD0009BC2F3 /* BattleView.swift in Sources */,
				F27C1E4B2B29FA2B009BC2F3 /* Moveset.swift in Sources */,
			);
			runOnlyForDeploymentPostprocessing = 0;
		};
		F27C1E212B29F8E6009BC2F3 /* Sources */ = {
			isa = PBXSourcesBuildPhase;
			buildActionMask = 2147483647;
			files = (
				F27C1E2A2B29F8E6009BC2F3 /* _80_sub2Tests.swift in Sources */,
			);
			runOnlyForDeploymentPostprocessing = 0;
		};
		F27C1E2C2B29F8E6009BC2F3 /* Sources */ = {
			isa = PBXSourcesBuildPhase;
			buildActionMask = 2147483647;
			files = (
				F27C1E352B29F8E6009BC2F3 /* _80_sub2UITests.swift in Sources */,
			);
			runOnlyForDeploymentPostprocessing = 0;
		};
/* End PBXSourcesBuildPhase section */

/* Begin PBXTargetDependency section */
		F27C1E272B29F8E6009BC2F3 /* PBXTargetDependency */ = {
			isa = PBXTargetDependency;
			target = F27C1E132B29F8D9009BC2F3 /* 680_sub2 */;
			targetProxy = F27C1E262B29F8E6009BC2F3 /* PBXContainerItemProxy */;
		};
		F27C1E322B29F8E6009BC2F3 /* PBXTargetDependency */ = {
			isa = PBXTargetDependency;
			target = F27C1E132B29F8D9009BC2F3 /* 680_sub2 */;
			targetProxy = F27C1E312B29F8E6009BC2F3 /* PBXContainerItemProxy */;
		};
/* End PBXTargetDependency section */

/* Begin XCBuildConfiguration section */
		F27C1E372B29F8E6009BC2F3 /* Debug */ = {
			isa = XCBuildConfiguration;
			buildSettings = {
				ALWAYS_SEARCH_USER_PATHS = NO;
				CLANG_ANALYZER_NONNULL = YES;
				CLANG_ANALYZER_NUMBER_OBJECT_CONVERSION = YES_AGGRESSIVE;
				CLANG_CXX_LANGUAGE_STANDARD = "gnu++14";
				CLANG_CXX_LIBRARY = "libc++";
				CLANG_ENABLE_MODULES = YES;
				CLANG_ENABLE_OBJC_ARC = YES;
				CLANG_ENABLE_OBJC_WEAK = YES;
				CLANG_WARN_BLOCK_CAPTURE_AUTORELEASING = YES;
				CLANG_WARN_BOOL_CONVERSION = YES;
				CLANG_WARN_COMMA = YES;
				CLANG_WARN_CONSTANT_CONVERSION = YES;
				CLANG_WARN_DEPRECATED_OBJC_IMPLEMENTATIONS = YES;
				CLANG_WARN_DIRECT_OBJC_ISA_USAGE = YES_ERROR;
				CLANG_WARN_DOCUMENTATION_COMMENTS = YES;
				CLANG_WARN_EMPTY_BODY = YES;
				CLANG_WARN_ENUM_CONVERSION = YES;
				CLANG_WARN_INFINITE_RECURSION = YES;
				CLANG_WARN_INT_CONVERSION = YES;
				CLANG_WARN_NON_LITERAL_NULL_CONVERSION = YES;
				CLANG_WARN_OBJC_IMPLICIT_RETAIN_SELF = YES;
				CLANG_WARN_OBJC_LITERAL_CONVERSION = YES;
				CLANG_WARN_OBJC_ROOT_CLASS = YES_ERROR;
				CLANG_WARN_QUOTED_INCLUDE_IN_FRAMEWORK_HEADER = YES;
				CLANG_WARN_RANGE_LOOP_ANALYSIS = YES;
				CLANG_WARN_STRICT_PROTOTYPES = YES;
				CLANG_WARN_SUSPICIOUS_MOVE = YES;
				CLANG_WARN_UNGUARDED_AVAILABILITY = YES_AGGRESSIVE;
				CLANG_WARN_UNREACHABLE_CODE = YES;
				CLANG_WARN__DUPLICATE_METHOD_MATCH = YES;
				COPY_PHASE_STRIP = NO;
				DEBUG_INFORMATION_FORMAT = dwarf;
				ENABLE_STRICT_OBJC_MSGSEND = YES;
				ENABLE_TESTABILITY = YES;
				GCC_C_LANGUAGE_STANDARD = gnu11;
				GCC_DYNAMIC_NO_PIC = NO;
				GCC_NO_COMMON_BLOCKS = YES;
				GCC_OPTIMIZATION_LEVEL = 0;
				GCC_PREPROCESSOR_DEFINITIONS = (
					"DEBUG=1",
					"$(inherited)",
				);
				GCC_WARN_64_TO_32_BIT_CONVERSION = YES;
				GCC_WARN_ABOUT_RETURN_TYPE = YES_ERROR;
				GCC_WARN_UNDECLARED_SELECTOR = YES;
				GCC_WARN_UNINITIALIZED_AUTOS = YES_AGGRESSIVE;
				GCC_WARN_UNUSED_FUNCTION = YES;
				GCC_WARN_UNUSED_VARIABLE = YES;
				IPHONEOS_DEPLOYMENT_TARGET = 14.4;
				MTL_ENABLE_DEBUG_INFO = INCLUDE_SOURCE;
				MTL_FAST_MATH = YES;
				ONLY_ACTIVE_ARCH = YES;
				SDKROOT = iphoneos;
				SWIFT_ACTIVE_COMPILATION_CONDITIONS = DEBUG;
				SWIFT_OPTIMIZATION_LEVEL = "-Onone";
			};
			name = Debug;
		};
		F27C1E382B29F8E6009BC2F3 /* Release */ = {
			isa = XCBuildConfiguration;
			buildSettings = {
				ALWAYS_SEARCH_USER_PATHS = NO;
				CLANG_ANALYZER_NONNULL = YES;
				CLANG_ANALYZER_NUMBER_OBJECT_CONVERSION = YES_AGGRESSIVE;
				CLANG_CXX_LANGUAGE_STANDARD = "gnu++14";
				CLANG_CXX_LIBRARY = "libc++";
				CLANG_ENABLE_MODULES = YES;
				CLANG_ENABLE_OBJC_ARC = YES;
				CLANG_ENABLE_OBJC_WEAK = YES;
				CLANG_WARN_BLOCK_CAPTURE_AUTORELEASING = YES;
				CLANG_WARN_BOOL_CONVERSION = YES;
				CLANG_WARN_COMMA = YES;
				CLANG_WARN_CONSTANT_CONVERSION = YES;
				CLANG_WARN_DEPRECATED_OBJC_IMPLEMENTATIONS = YES;
				CLANG_WARN_DIRECT_OBJC_ISA_USAGE = YES_ERROR;
				CLANG_WARN_DOCUMENTATION_COMMENTS = YES;
				CLANG_WARN_EMPTY_BODY = YES;
				CLANG_WARN_ENUM_CONVERSION = YES;
				CLANG_WARN_INFINITE_RECURSION = YES;
				CLANG_WARN_INT_CONVERSION = YES;
				CLANG_WARN_NON_LITERAL_NULL_CONVERSION = YES;
				CLANG_WARN_OBJC_IMPLICIT_RETAIN_SELF = YES;
				CLANG_WARN_OBJC_LITERAL_CONVERSION = YES;
				CLANG_WARN_OBJC_ROOT_CLASS = YES_ERROR;
				CLANG_WARN_QUOTED_INCLUDE_IN_FRAMEWORK_HEADER = YES;
				CLANG_WARN_RANGE_LOOP_ANALYSIS = YES;
				CLANG_WARN_STRICT_PROTOTYPES = YES;
				CLANG_WARN_SUSPICIOUS_MOVE = YES;
				CLANG_WARN_UNGUARDED_AVAILABILITY = YES_AGGRESSIVE;
				CLANG_WARN_UNREACHABLE_CODE = YES;
				CLANG_WARN__DUPLICATE_METHOD_MATCH = YES;
				COPY_PHASE_STRIP = NO;
				DEBUG_INFORMATION_FORMAT = "dwarf-with-dsym";
				ENABLE_NS_ASSERTIONS = NO;
				ENABLE_STRICT_OBJC_MSGSEND = YES;
				GCC_C_LANGUAGE_STANDARD = gnu11;
				GCC_NO_COMMON_BLOCKS = YES;
				GCC_WARN_64_TO_32_BIT_CONVERSION = YES;
				GCC_WARN_ABOUT_RETURN_TYPE = YES_ERROR;
				GCC_WARN_UNDECLARED_SELECTOR = YES;
				GCC_WARN_UNINITIALIZED_AUTOS = YES_AGGRESSIVE;
				GCC_WARN_UNUSED_FUNCTION = YES;
				GCC_WARN_UNUSED_VARIABLE = YES;
				IPHONEOS_DEPLOYMENT_TARGET = 14.4;
				MTL_ENABLE_DEBUG_INFO = NO;
				MTL_FAST_MATH = YES;
				SDKROOT = iphoneos;
				SWIFT_COMPILATION_MODE = wholemodule;
				SWIFT_OPTIMIZATION_LEVEL = "-O";
				VALIDATE_PRODUCT = YES;
			};
			name = Release;
		};
		F27C1E3A2B29F8E6009BC2F3 /* Debug */ = {
			isa = XCBuildConfiguration;
			buildSettings = {
				ASSETCATALOG_COMPILER_APPICON_NAME = AppIcon;
				ASSETCATALOG_COMPILER_GLOBAL_ACCENT_COLOR_NAME = AccentColor;
				CODE_SIGN_STYLE = Automatic;
				DEVELOPMENT_ASSET_PATHS = "\"680_sub2/Preview Content\"";
				DEVELOPMENT_TEAM = L2ZA8882DR;
				ENABLE_PREVIEWS = YES;
				INFOPLIST_FILE = 680_sub2/Info.plist;
				IPHONEOS_DEPLOYMENT_TARGET = 14.0;
				LD_RUNPATH_SEARCH_PATHS = (
					"$(inherited)",
					"@executable_path/Frameworks",
				);
				PRODUCT_BUNDLE_IDENTIFIER = "evocal-mail.sfsu.edu.-80-sub2";
				PRODUCT_NAME = "$(TARGET_NAME)";
				SWIFT_VERSION = 5.0;
				TARGETED_DEVICE_FAMILY = "1,2";
			};
			name = Debug;
		};
		F27C1E3B2B29F8E6009BC2F3 /* Release */ = {
			isa = XCBuildConfiguration;
			buildSettings = {
				ASSETCATALOG_COMPILER_APPICON_NAME = AppIcon;
				ASSETCATALOG_COMPILER_GLOBAL_ACCENT_COLOR_NAME = AccentColor;
				CODE_SIGN_STYLE = Automatic;
				DEVELOPMENT_ASSET_PATHS = "\"680_sub2/Preview Content\"";
				DEVELOPMENT_TEAM = L2ZA8882DR;
				ENABLE_PREVIEWS = YES;
				INFOPLIST_FILE = 680_sub2/Info.plist;
				IPHONEOS_DEPLOYMENT_TARGET = 14.0;
				LD_RUNPATH_SEARCH_PATHS = (
					"$(inherited)",
					"@executable_path/Frameworks",
				);
				PRODUCT_BUNDLE_IDENTIFIER = "evocal-mail.sfsu.edu.-80-sub2";
				PRODUCT_NAME = "$(TARGET_NAME)";
				SWIFT_VERSION = 5.0;
				TARGETED_DEVICE_FAMILY = "1,2";
			};
			name = Release;
		};
		F27C1E3D2B29F8E6009BC2F3 /* Debug */ = {
			isa = XCBuildConfiguration;
			buildSettings = {
				ALWAYS_EMBED_SWIFT_STANDARD_LIBRARIES = YES;
				BUNDLE_LOADER = "$(TEST_HOST)";
				CODE_SIGN_STYLE = Automatic;
				DEVELOPMENT_TEAM = L2ZA8882DR;
				INFOPLIST_FILE = 680_sub2Tests/Info.plist;
				IPHONEOS_DEPLOYMENT_TARGET = 14.0;
				LD_RUNPATH_SEARCH_PATHS = (
					"$(inherited)",
					"@executable_path/Frameworks",
					"@loader_path/Frameworks",
				);
				PRODUCT_BUNDLE_IDENTIFIER = "evocal-mail.sfsu.edu.-80-sub2Tests";
				PRODUCT_NAME = "$(TARGET_NAME)";
				SWIFT_VERSION = 5.0;
				TARGETED_DEVICE_FAMILY = "1,2";
				TEST_HOST = "$(BUILT_PRODUCTS_DIR)/680_sub2.app/680_sub2";
			};
			name = Debug;
		};
		F27C1E3E2B29F8E6009BC2F3 /* Release */ = {
			isa = XCBuildConfiguration;
			buildSettings = {
				ALWAYS_EMBED_SWIFT_STANDARD_LIBRARIES = YES;
				BUNDLE_LOADER = "$(TEST_HOST)";
				CODE_SIGN_STYLE = Automatic;
				DEVELOPMENT_TEAM = L2ZA8882DR;
				INFOPLIST_FILE = 680_sub2Tests/Info.plist;
				IPHONEOS_DEPLOYMENT_TARGET = 14.0;
				LD_RUNPATH_SEARCH_PATHS = (
					"$(inherited)",
					"@executable_path/Frameworks",
					"@loader_path/Frameworks",
				);
				PRODUCT_BUNDLE_IDENTIFIER = "evocal-mail.sfsu.edu.-80-sub2Tests";
				PRODUCT_NAME = "$(TARGET_NAME)";
				SWIFT_VERSION = 5.0;
				TARGETED_DEVICE_FAMILY = "1,2";
				TEST_HOST = "$(BUILT_PRODUCTS_DIR)/680_sub2.app/680_sub2";
			};
			name = Release;
		};
		F27C1E402B29F8E6009BC2F3 /* Debug */ = {
			isa = XCBuildConfiguration;
			buildSettings = {
				ALWAYS_EMBED_SWIFT_STANDARD_LIBRARIES = YES;
				CODE_SIGN_STYLE = Automatic;
				DEVELOPMENT_TEAM = L2ZA8882DR;
				INFOPLIST_FILE = 680_sub2UITests/Info.plist;
				LD_RUNPATH_SEARCH_PATHS = (
					"$(inherited)",
					"@executable_path/Frameworks",
					"@loader_path/Frameworks",
				);
				PRODUCT_BUNDLE_IDENTIFIER = "evocal-mail.sfsu.edu.-80-sub2UITests";
				PRODUCT_NAME = "$(TARGET_NAME)";
				SWIFT_VERSION = 5.0;
				TARGETED_DEVICE_FAMILY = "1,2";
				TEST_TARGET_NAME = 680_sub2;
			};
			name = Debug;
		};
		F27C1E412B29F8E6009BC2F3 /* Release */ = {
			isa = XCBuildConfiguration;
			buildSettings = {
				ALWAYS_EMBED_SWIFT_STANDARD_LIBRARIES = YES;
				CODE_SIGN_STYLE = Automatic;
				DEVELOPMENT_TEAM = L2ZA8882DR;
				INFOPLIST_FILE = 680_sub2UITests/Info.plist;
				LD_RUNPATH_SEARCH_PATHS = (
					"$(inherited)",
					"@executable_path/Frameworks",
					"@loader_path/Frameworks",
				);
				PRODUCT_BUNDLE_IDENTIFIER = "evocal-mail.sfsu.edu.-80-sub2UITests";
				PRODUCT_NAME = "$(TARGET_NAME)";
				SWIFT_VERSION = 5.0;
				TARGETED_DEVICE_FAMILY = "1,2";
				TEST_TARGET_NAME = 680_sub2;
			};
			name = Release;
		};
/* End XCBuildConfiguration section */

/* Begin XCConfigurationList section */
		F27C1E0F2B29F8D9009BC2F3 /* Build configuration list for PBXProject "680_sub2" */ = {
			isa = XCConfigurationList;
			buildConfigurations = (
				F27C1E372B29F8E6009BC2F3 /* Debug */,
				F27C1E382B29F8E6009BC2F3 /* Release */,
			);
			defaultConfigurationIsVisible = 0;
			defaultConfigurationName = Release;
		};
		F27C1E392B29F8E6009BC2F3 /* Build configuration list for PBXNativeTarget "680_sub2" */ = {
			isa = XCConfigurationList;
			buildConfigurations = (
				F27C1E3A2B29F8E6009BC2F3 /* Debug */,
				F27C1E3B2B29F8E6009BC2F3 /* Release */,
			);
			defaultConfigurationIsVisible = 0;
			defaultConfigurationName = Release;
		};
		F27C1E3C2B29F8E6009BC2F3 /* Build configuration list for PBXNativeTarget "680_sub2Tests" */ = {
			isa = XCConfigurationList;
			buildConfigurations = (
				F27C1E3D2B29F8E6009BC2F3 /* Debug */,
				F27C1E3E2B29F8E6009BC2F3 /* Release */,
			);
			defaultConfigurationIsVisible = 0;
			defaultConfigurationName = Release;
		};
		F27C1E3F2B29F8E6009BC2F3 /* Build configuration list for PBXNativeTarget "680_sub2UITests" */ = {
			isa = XCConfigurationList;
			buildConfigurations = (
				F27C1E402B29F8E6009BC2F3 /* Debug */,
				F27C1E412B29F8E6009BC2F3 /* Release */,
			);
			defaultConfigurationIsVisible = 0;
			defaultConfigurationName = Release;
		};
/* End XCConfigurationList section */
	};
	rootObject = F27C1E0C2B29F8D9009BC2F3 /* Project object */;
}
